
Microsoft Visual Studio Solution File, Format Version 12.00
# Visual Studio Version 17
VisualStudioVersion = 17.9.34902.65
MinimumVisualStudioVersion = 10.0.40219.1
Project("{FAE04EC0-301F-11D3-BF4B-00C04F79EFBC}") = "BillableTrackingApi", "BillableTrackingApi\BillableTrackingApi.csproj", "{6B7B96EA-0DD6-460C-94F4-00EBFB1D02E7}"
EndProject
Global
	GlobalSection(SolutionConfigurationPlatforms) = preSolution
		Debug|Any CPU = Debug|Any CPU
		Release|Any CPU = Release|Any CPU
	EndGlobalSection
	GlobalSection(ProjectConfigurationPlatforms) = postSolution
		{6B7B96EA-0DD6-460C-94F4-00EBFB1D02E7}.Debug|Any CPU.ActiveCfg = Debug|Any CPU
		{6B7B96EA-0DD6-460C-94F4-00EBFB1D02E7}.Debug|Any CPU.Build.0 = Debug|Any CPU
		{6B7B96EA-0DD6-460C-94F4-00EBFB1D02E7}.Release|Any CPU.ActiveCfg = Release|Any CPU
		{6B7B96EA-0DD6-460C-94F4-00EBFB1D02E7}.Release|Any CPU.Build.0 = Release|Any CPU
	EndGlobalSection
	GlobalSection(SolutionProperties) = preSolution
		HideSolutionNode = FALSE
	EndGlobalSection
	GlobalSection(ExtensibilityGlobals) = postSolution
		SolutionGuid = {4092DB2A-BA75-4D3F-B423-5C931810F72E}
	EndGlobalSection
EndGlobal
